
Microsoft Visual Studio Solution File, Format Version 12.00
# Visual Studio Version 16
VisualStudioVersion = 16.0.31624.102
MinimumVisualStudioVersion = 10.0.40219.1
Project("{8BC9CEB8-8B4A-11D0-8D11-00A0C91BC942}") = "v0.4", "v0.4\v0.4.vcxproj", "{F6064447-307E-42D1-9D23-6FC02FE889BF}"
EndProject
Global
	GlobalSection(SolutionConfigurationPlatforms) = preSolution
		Debug|x64 = Debug|x64
		Debug|x86 = Debug|x86
		Release|x64 = Release|x64
		Release|x86 = Release|x86
	EndGlobalSection
	GlobalSection(ProjectConfigurationPlatforms) = postSolution
		{F6064447-307E-42D1-9D23-6FC02FE889BF}.Debug|x64.ActiveCfg = Debug|x64
		{F6064447-307E-42D1-9D23-6FC02FE889BF}.Debug|x64.Build.0 = Debug|x64
		{F6064447-307E-42D1-9D23-6FC02FE889BF}.Debug|x86.ActiveCfg = Debug|Win32
		{F6064447-307E-42D1-9D23-6FC02FE889BF}.Debug|x86.Build.0 = Debug|Win32
		{F6064447-307E-42D1-9D23-6FC02FE889BF}.Release|x64.ActiveCfg = Release|x64
		{F6064447-307E-42D1-9D23-6FC02FE889BF}.Release|x64.Build.0 = Release|x64
		{F6064447-307E-42D1-9D23-6FC02FE889BF}.Release|x86.ActiveCfg = Release|Win32
		{F6064447-307E-42D1-9D23-6FC02FE889BF}.Release|x86.Build.0 = Release|Win32
	EndGlobalSection
	GlobalSection(SolutionProperties) = preSolution
		HideSolutionNode = FALSE
	EndGlobalSection
	GlobalSection(ExtensibilityGlobals) = postSolution
		SolutionGuid = {ED330D56-EFF3-4E1E-A1A8-845C89D6D9F8}
	EndGlobalSection
EndGlobal
